
Microsoft Visual Studio Solution File, Format Version 12.00
# Visual Studio Version 16
VisualStudioVersion = 16.0.29806.167
MinimumVisualStudioVersion = 10.0.40219.1
Project("{FAE04EC0-301F-11D3-BF4B-00C04F79EFBC}") = "MyDictionary.DataAccess", "MyDictionary.DataAccess\MyDictionary.DataAccess.csproj", "{004F7D69-A224-4D1B-B11D-BB500DF59129}"
EndProject
Project("{FAE04EC0-301F-11D3-BF4B-00C04F79EFBC}") = "MyDictionary.Services", "MyDictionary.Services\MyDictionary.Services.csproj", "{CD871873-F504-486A-ACA8-38D780EC5F12}"
EndProject
Project("{FAE04EC0-301F-11D3-BF4B-00C04F79EFBC}") = "MyDictionary.Web", "MyDictionary.Web\MyDictionary.Web.csproj", "{97027CC7-5ACC-4D58-9BEB-D3427EAC7CC0}"
EndProject
Global
	GlobalSection(SolutionConfigurationPlatforms) = preSolution
		Debug|Any CPU = Debug|Any CPU
		Release|Any CPU = Release|Any CPU
	EndGlobalSection
	GlobalSection(ProjectConfigurationPlatforms) = postSolution
		{004F7D69-A224-4D1B-B11D-BB500DF59129}.Debug|Any CPU.ActiveCfg = Debug|Any CPU
		{004F7D69-A224-4D1B-B11D-BB500DF59129}.Debug|Any CPU.Build.0 = Debug|Any CPU
		{004F7D69-A224-4D1B-B11D-BB500DF59129}.Release|Any CPU.ActiveCfg = Release|Any CPU
		{004F7D69-A224-4D1B-B11D-BB500DF59129}.Release|Any CPU.Build.0 = Release|Any CPU
		{CD871873-F504-486A-ACA8-38D780EC5F12}.Debug|Any CPU.ActiveCfg = Debug|Any CPU
		{CD871873-F504-486A-ACA8-38D780EC5F12}.Debug|Any CPU.Build.0 = Debug|Any CPU
		{CD871873-F504-486A-ACA8-38D780EC5F12}.Release|Any CPU.ActiveCfg = Release|Any CPU
		{CD871873-F504-486A-ACA8-38D780EC5F12}.Release|Any CPU.Build.0 = Release|Any CPU
		{97027CC7-5ACC-4D58-9BEB-D3427EAC7CC0}.Debug|Any CPU.ActiveCfg = Debug|Any CPU
		{97027CC7-5ACC-4D58-9BEB-D3427EAC7CC0}.Debug|Any CPU.Build.0 = Debug|Any CPU
		{97027CC7-5ACC-4D58-9BEB-D3427EAC7CC0}.Release|Any CPU.ActiveCfg = Release|Any CPU
		{97027CC7-5ACC-4D58-9BEB-D3427EAC7CC0}.Release|Any CPU.Build.0 = Release|Any CPU
	EndGlobalSection
	GlobalSection(SolutionProperties) = preSolution
		HideSolutionNode = FALSE
	EndGlobalSection
	GlobalSection(ExtensibilityGlobals) = postSolution
		SolutionGuid = {EE0E2154-55EB-467E-96B6-E4F70FB053A8}
	EndGlobalSection
EndGlobal
